# This file is automatically @generated by Cargo.
# It is not intended for manual editing.
version = 4

[[package]]
name = "dorc-analysis"
version = "0.0.0"
dependencies = [
 "dorc-core",
]

[[package]]
name = "dorc-core"
version = "0.0.0"

[[package]]
name = "dorc-syntax"
version = "0.0.0"
dependencies = [
 "dorc-core",
]
