# This file is automatically @generated by Cargo.
# It is not intended for manual editing.
version = 4

[[package]]
name = "anstream"
version = "0.6.18"
source = "registry+https://github.com/rust-lang/crates.io-index"
checksum = "8acc5369981196006228e28809f761875c0327210a891e941f4c683b3a99529b"
dependencies = [
 "anstyle",
 "anstyle-parse",
 "anstyle-query",
 "anstyle-wincon",
 "colorchoice",
 "is_terminal_polyfill",
 "utf8parse",
]

[[package]]
name = "anstyle"
version = "1.0.10"
source = "registry+https://github.com/rust-lang/crates.io-index"
checksum = "55cc3b69f167a1ef2e161439aa98aed94e6028e5f9a59be9a6ffb47aef1651f9"

[[package]]
name = "anstyle-parse"
version = "0.2.7"
source = "registry+https://github.com/rust-lang/crates.io-index"
checksum = "4e7644824f0aa2c7b9384579234ef10eb7efb6a0deb83f9630a49594dd9c15c2"
dependencies = [
 "utf8parse",
]

[[package]]
name = "anstyle-query"
version = "1.1.5"
source = "registry+https://github.com/rust-lang/crates.io-index"
checksum = "40c48f72fd53cd289104fc64099abca73db4166ad86ea0b4341abe65af83dadc"
dependencies = [
 "windows-sys",
]

[[package]]
name = "anstyle-wincon"
version = "3.0.11"
source = "registry+https://github.com/rust-lang/crates.io-index"
checksum = "291e6a250ff86cd4a820112fb8898808a366d8f9f58ce16d1f538353ad55747d"
dependencies = [
 "anstyle",
 "once_cell_polyfill",
 "windows-sys",
]

[[package]]
name = "colorchoice"
version = "1.0.5"
source = "registry+https://github.com/rust-lang/crates.io-index"
checksum = "1d07550c9036bf2ae0c684c4297d503f838287c83c53686d05370d0e139ae570"

[[package]]
name = "dorc-analysis"
version = "0.0.0"
dependencies = [
 "dorc-core",
 "dorc-oracle",
 "dorc-syntax",
]

[[package]]
name = "dorc-cli"
version = "0.0.0"
dependencies = [
 "anstream",
 "anstyle",
 "dorc-analysis",
 "dorc-core",
 "dorc-lint",
 "dorc-oracle",
 "dorc-plan",
 "dorc-syntax",
]

[[package]]
name = "dorc-core"
version = "0.0.0"

[[package]]
name = "dorc-coverage"
version = "0.0.0"
dependencies = [
 "dorc-analysis",
 "dorc-core",
 "dorc-oracle",
 "dorc-plan",
 "dorc-syntax",
]

[[package]]
name = "dorc-hostsim"
version = "0.0.0"
dependencies = [
 "dorc-analysis",
 "dorc-core",
 "dorc-oracle",
 "dorc-plan",
 "dorc-syntax",
]

[[package]]
name = "dorc-lint"
version = "0.0.0"
dependencies = [
 "dorc-analysis",
 "dorc-core",
 "dorc-oracle",
 "dorc-syntax",
]

[[package]]
name = "dorc-oracle"
version = "0.0.0"
dependencies = [
 "dorc-core",
 "dorc-syntax",
]

[[package]]
name = "dorc-plan"
version = "0.0.0"
dependencies = [
 "dorc-analysis",
 "dorc-core",
 "dorc-oracle",
 "dorc-syntax",
]

[[package]]
name = "dorc-sweep"
version = "0.0.0"
dependencies = [
 "dorc-analysis",
 "dorc-core",
 "dorc-hostsim",
 "dorc-oracle",
 "dorc-plan",
 "dorc-syntax",
]

[[package]]
name = "dorc-syntax"
version = "0.0.0"
dependencies = [
 "dorc-core",
]

[[package]]
name = "errorloom"
version = "0.0.0"

[[package]]
name = "is_terminal_polyfill"
version = "1.70.2"
source = "registry+https://github.com/rust-lang/crates.io-index"
checksum = "a6cb138bb79a146c1bd460005623e142ef0181e3d0219cb493e02f7d08a35695"

[[package]]
name = "once_cell_polyfill"
version = "1.70.2"
source = "registry+https://github.com/rust-lang/crates.io-index"
checksum = "384b8ab6d37215f3c5301a95a4accb5d64aa607f1fcb26a11b5303878451b4fe"

[[package]]
name = "utf8parse"
version = "0.2.2"
source = "registry+https://github.com/rust-lang/crates.io-index"
checksum = "06abde3611657adf66d383f00b093d7faecc7fa57071cce2578660c9f1010821"

[[package]]
name = "windows-link"
version = "0.2.1"
source = "registry+https://github.com/rust-lang/crates.io-index"
checksum = "f0805222e57f7521d6a62e36fa9163bc891acd422f971defe97d64e70d0a4fe5"

[[package]]
name = "windows-sys"
version = "0.61.2"
source = "registry+https://github.com/rust-lang/crates.io-index"
checksum = "ae137229bcbd6cdf0f7b80a31df61766145077ddf49416a728b02cb3921ff3fc"
dependencies = [
 "windows-link",
]
