https://github.com/geerlingguy/ansible-role-nginx 0baeabebe84fc8be64644db32a46fd9062d8606f
https://github.com/geerlingguy/ansible-role-postgresql 8bd570325f53166561c59e9a63861d3714ae87cf
https://github.com/geerlingguy/ansible-role-mysql 8a84b1dd1502eb3645f90d17a8b6037c241e182c
https://github.com/geerlingguy/ansible-role-php f38dac14d95c180fc2f55f85e4d2205fa7f57c06
https://github.com/geerlingguy/ansible-role-apache 4a6c870f20f2410f252996d684aa10a4ce9c3661
https://github.com/geerlingguy/ansible-role-certbot 101111391444ac4d1d407c392ab78ffe0f932910
https://github.com/geerlingguy/ansible-role-nodejs 8665848e2ec3b5d9af9dd92184d3768b03ffbdd1
https://github.com/geerlingguy/ansible-role-redis 280df2830b0414e434a02625d48119e0e74841f1
https://github.com/geerlingguy/ansible-role-git ec2d4e07ff41afe94d07853c7338c35c12e55a67
https://github.com/geerlingguy/ansible-role-pip efe631ae41bb42864b9e1516e15e09c9a6f6e58e
https://github.com/geerlingguy/ansible-role-java 8477f288afcce7d4b230ebdf250bf337d0c4ffcd
https://github.com/geerlingguy/ansible-role-security 06cb934bf5f31534b46e0d073437286ccadd2830
https://github.com/geerlingguy/ansible-role-firewall 4c0de18084509d3a3221ac18a2dec8a32aa47a73
https://github.com/geerlingguy/ansible-role-ntp c3f5a1ef7142c2b65374896e89377bba782b5507
https://github.com/geerlingguy/ansible-role-jenkins e096db0c7358128a59a69eb89839429b23d6b796
https://github.com/ansible-collections/community.general cdd9c1ddde3f38f5a60e5493b5d92ea08e6c909e
https://github.com/ansible-collections/ansible.posix f265682c994969048addf71e63ec04569d3e6c3b
https://github.com/ansible-collections/community.docker c5831a79f7baaa6d94cb8fe0301d442d672ab8e7
https://github.com/dbrennand/home-ops 237936f35cf1d766a897e41ddd8e4a9d546cd91d
https://github.com/martinohmann/home-ops b0950b56253e3a56fe7d61d255f8fb2ad233cd64
https://github.com/rwlove/home-ops 78d35475f9aadac2eb0988cf28fdac3eab6bfff9
https://github.com/Crow-Control/cluster 00e67e02c01f01280c367d98e49bac8548698998
https://github.com/samuelbartels20/home-ops a2db0e9abd2364df3d75f1b49244f7c7582b7bea
https://github.com/justingarfield/home-ops 567a94a8f7ffd9bcf648164403d8982db1137840
https://github.com/Jdavid77/home-cluster 26e3fdd006396185b2736d92105ca1cb367b9695
https://github.com/umizoom/homek8s 09ac955f20842baff1f10697cfe63ecd488a8955
