# @generated - this file is auto-generated by `mise lock` https://mise.jdx.dev/dev-tools/mise-lock.html

[[tools."github:AeneasVerif/aeneas"]]
version = "nightly-2026.08.13-daa85d7"
backend = "github:AeneasVerif/aeneas"

[tools."github:AeneasVerif/aeneas".options]
asset_pattern = "aeneas-linux-x86_64.tar.gz"

[tools."github:AeneasVerif/aeneas"."platforms.linux-arm64"]
checksum = "sha256:ebf4d8c0e376159af76cefd2fc2707a56c46d057e9abfe92083277405adf4a70"
url = "https://github.com/AeneasVerif/aeneas/releases/download/nightly-2026.08.13-daa85d7/aeneas-linux-x86_64.tar.gz"
url_api = "https://api.github.com/repos/AeneasVerif/aeneas/releases/assets/512502076"

[tools."github:AeneasVerif/aeneas"."platforms.linux-arm64-musl"]
checksum = "sha256:ebf4d8c0e376159af76cefd2fc2707a56c46d057e9abfe92083277405adf4a70"
url = "https://github.com/AeneasVerif/aeneas/releases/download/nightly-2026.08.13-daa85d7/aeneas-linux-x86_64.tar.gz"
url_api = "https://api.github.com/repos/AeneasVerif/aeneas/releases/assets/512502076"

[tools."github:AeneasVerif/aeneas"."platforms.linux-x64"]
checksum = "sha256:ebf4d8c0e376159af76cefd2fc2707a56c46d057e9abfe92083277405adf4a70"
url = "https://github.com/AeneasVerif/aeneas/releases/download/nightly-2026.08.13-daa85d7/aeneas-linux-x86_64.tar.gz"
url_api = "https://api.github.com/repos/AeneasVerif/aeneas/releases/assets/512502076"

[tools."github:AeneasVerif/aeneas"."platforms.linux-x64-musl"]
checksum = "sha256:ebf4d8c0e376159af76cefd2fc2707a56c46d057e9abfe92083277405adf4a70"
url = "https://github.com/AeneasVerif/aeneas/releases/download/nightly-2026.08.13-daa85d7/aeneas-linux-x86_64.tar.gz"
url_api = "https://api.github.com/repos/AeneasVerif/aeneas/releases/assets/512502076"

[tools."github:AeneasVerif/aeneas"."platforms.macos-arm64"]
checksum = "sha256:ebf4d8c0e376159af76cefd2fc2707a56c46d057e9abfe92083277405adf4a70"
url = "https://github.com/AeneasVerif/aeneas/releases/download/nightly-2026.08.13-daa85d7/aeneas-linux-x86_64.tar.gz"
url_api = "https://api.github.com/repos/AeneasVerif/aeneas/releases/assets/512502076"

[tools."github:AeneasVerif/aeneas"."platforms.macos-x64"]
checksum = "sha256:ebf4d8c0e376159af76cefd2fc2707a56c46d057e9abfe92083277405adf4a70"
url = "https://github.com/AeneasVerif/aeneas/releases/download/nightly-2026.08.13-daa85d7/aeneas-linux-x86_64.tar.gz"
url_api = "https://api.github.com/repos/AeneasVerif/aeneas/releases/assets/512502076"

[tools."github:AeneasVerif/aeneas"."platforms.windows-x64"]
checksum = "sha256:ebf4d8c0e376159af76cefd2fc2707a56c46d057e9abfe92083277405adf4a70"
url = "https://github.com/AeneasVerif/aeneas/releases/download/nightly-2026.08.13-daa85d7/aeneas-linux-x86_64.tar.gz"
url_api = "https://api.github.com/repos/AeneasVerif/aeneas/releases/assets/512502076"

[[tools.rust]]
version = "nightly-2026-06-01"
backend = "core:rust"

[tools.rust.options]
components = "llvm-tools-preview,miri,rust-src,rustc-dev"
profile = "minimal"
